# THIS IS AN AUTOGENERATED FILE. DO NOT EDIT THIS FILE DIRECTLY.
# yarn lockfile v1


"gambscript@file:../gambscript":
  version "0.1.0"
  dependencies:
    ncp "^2.0.0"

ncp@^2.0.0:
  version "2.0.0"
  resolved "https://registry.yarnpkg.com/ncp/-/ncp-2.0.0.tgz#195a21d6c46e361d2fb1281ba38b91e9df7bdbb3"
  integrity sha1-GVoh1sRuNh0vsSgbo4uR6d9727M=

underscore@^1.12.0:
  version "1.12.0"
  resolved "https://registry.yarnpkg.com/underscore/-/underscore-1.12.0.tgz#4814940551fc80587cef7840d1ebb0f16453be97"
  integrity sha512-21rQzss/XPMjolTiIezSu3JAjgagXKROtNrYFEOWK109qY1Uv2tVjPTZ1ci2HgvQDA16gHYSthQIJfB+XId/rQ==
